
Microsoft Visual Studio Solution File, Format Version 12.00
Project("{2150E333-8FDC-42A3-9474-1A3956D46DE8}") = "Behavioral", "Behavioral", "{D4A2EE43-17C7-4594-B11E-8FCC85FE1188}"
EndProject
Project("{2150E333-8FDC-42A3-9474-1A3956D46DE8}") = "Creational", "Creational", "{DFF93B79-55F5-475B-98A6-031FD6BFE853}"
EndProject
Project("{2150E333-8FDC-42A3-9474-1A3956D46DE8}") = "Structural", "Structural", "{C352868C-E9F6-423E-BEC9-B1246DB846E7}"
EndProject
Project("{FAE04EC0-301F-11D3-BF4B-00C04F79EFBC}") = "Singleton", "Creational\Singleton\Singleton.csproj", "{AAA0E9A2-D511-4DFB-9412-4EB13AA0D84C}"
EndProject
Project("{FAE04EC0-301F-11D3-BF4B-00C04F79EFBC}") = "Factory", "Creational\Factory\Factory.csproj", "{85A27197-9413-439A-8BA5-FBF4E6C510AE}"
EndProject
Project("{FAE04EC0-301F-11D3-BF4B-00C04F79EFBC}") = "AbstractFactory", "Creational\AbstractFactory\AbstractFactory.csproj", "{C30076F4-A9FD-4DE8-8324-264579E1A032}"
EndProject
Project("{FAE04EC0-301F-11D3-BF4B-00C04F79EFBC}") = "Builder", "Creational\Builder\Builder.csproj", "{8087AF45-BC03-4021-B7D3-19105292E56C}"
EndProject
Project("{FAE04EC0-301F-11D3-BF4B-00C04F79EFBC}") = "Adapter", "Structural\Adapter\Adapter.csproj", "{3BBDA2E8-3DAD-4953-B6FA-4ABA9EFD8A7E}"
EndProject
Project("{FAE04EC0-301F-11D3-BF4B-00C04F79EFBC}") = "Bridge", "Structural\Bridge\Bridge.csproj", "{6251ECD2-BE36-4765-AFED-4EADB41C6208}"
EndProject
Project("{FAE04EC0-301F-11D3-BF4B-00C04F79EFBC}") = "Composite", "Structural\Composite\Composite.csproj", "{1F518F1C-F580-47F6-9002-A96C1FE95913}"
EndProject
Project("{FAE04EC0-301F-11D3-BF4B-00C04F79EFBC}") = "Decorator", "Structural\Decorator\Decorator.csproj", "{70F38D92-3795-4CD2-8AF7-F5B11F1DD9A9}"
EndProject
Project("{FAE04EC0-301F-11D3-BF4B-00C04F79EFBC}") = "Facade", "Structural\Facade\Facade.csproj", "{E420018D-112C-458C-9564-A8F627FAA05C}"
EndProject
Project("{FAE04EC0-301F-11D3-BF4B-00C04F79EFBC}") = "Flyweight", "Structural\Flyweight\Flyweight.csproj", "{04DC1C05-32EB-47E3-B633-BF51AA98BC09}"
EndProject
Project("{FAE04EC0-301F-11D3-BF4B-00C04F79EFBC}") = "Proxy", "Structural\Proxy\Proxy.csproj", "{DF692663-5C6A-4E0D-9435-A374D16FE46B}"
EndProject
Project("{FAE04EC0-301F-11D3-BF4B-00C04F79EFBC}") = "ChainOfResponsibility", "Behavioral\ChainOfResponsibility\ChainOfResponsibility.csproj", "{9871BF21-29CF-4A90-BDCD-8381033505E3}"
EndProject
Project("{FAE04EC0-301F-11D3-BF4B-00C04F79EFBC}") = "Command", "Behavioral\Command\Command.csproj", "{41B1E413-B5BA-4ED3-B621-63A7C12A8B50}"
EndProject
Project("{FAE04EC0-301F-11D3-BF4B-00C04F79EFBC}") = "Iterator", "Behavioral\Iterator\Iterator.csproj", "{0CBCD576-782D-485D-8664-9A0472B09AFB}"
EndProject
Project("{FAE04EC0-301F-11D3-BF4B-00C04F79EFBC}") = "Mediator", "Behavioral\Mediator\Mediator.csproj", "{3FB86582-57D0-47CA-B6D1-8244A9E5367F}"
EndProject
Project("{FAE04EC0-301F-11D3-BF4B-00C04F79EFBC}") = "Memento", "Behavioral\Memento\Memento.csproj", "{1FBF64ED-327C-4776-AEF9-95D8EA89BB82}"
EndProject
Project("{FAE04EC0-301F-11D3-BF4B-00C04F79EFBC}") = "Observer", "Behavioral\Observer\Observer.csproj", "{75A4752E-677A-4AEE-BC74-EC1D2B62DD33}"
EndProject
Project("{FAE04EC0-301F-11D3-BF4B-00C04F79EFBC}") = "State", "Behavioral\State\State.csproj", "{8FDBB176-04C1-4188-9454-6986BC171EBA}"
EndProject
Project("{FAE04EC0-301F-11D3-BF4B-00C04F79EFBC}") = "Strategy", "Behavioral\Strategy\Strategy.csproj", "{7CE47FB8-7C09-4556-B72C-5499237ED57B}"
EndProject
Project("{FAE04EC0-301F-11D3-BF4B-00C04F79EFBC}") = "Template", "Behavioral\Template\Template.csproj", "{AAB340C6-4915-4332-90D7-17BD9BC2E627}"
EndProject
Project("{FAE04EC0-301F-11D3-BF4B-00C04F79EFBC}") = "Visitor", "Behavioral\Visitor\Visitor.csproj", "{A03C79E0-8050-4A9F-B61C-D7300A679950}"
EndProject
Global
	GlobalSection(SolutionConfigurationPlatforms) = preSolution
		Debug|Any CPU = Debug|Any CPU
		Release|Any CPU = Release|Any CPU
	EndGlobalSection
	GlobalSection(NestedProjects) = preSolution
		{AAA0E9A2-D511-4DFB-9412-4EB13AA0D84C} = {DFF93B79-55F5-475B-98A6-031FD6BFE853}
		{85A27197-9413-439A-8BA5-FBF4E6C510AE} = {DFF93B79-55F5-475B-98A6-031FD6BFE853}
		{C30076F4-A9FD-4DE8-8324-264579E1A032} = {DFF93B79-55F5-475B-98A6-031FD6BFE853}
		{8087AF45-BC03-4021-B7D3-19105292E56C} = {DFF93B79-55F5-475B-98A6-031FD6BFE853}
		{3BBDA2E8-3DAD-4953-B6FA-4ABA9EFD8A7E} = {C352868C-E9F6-423E-BEC9-B1246DB846E7}
		{6251ECD2-BE36-4765-AFED-4EADB41C6208} = {C352868C-E9F6-423E-BEC9-B1246DB846E7}
		{1F518F1C-F580-47F6-9002-A96C1FE95913} = {C352868C-E9F6-423E-BEC9-B1246DB846E7}
		{70F38D92-3795-4CD2-8AF7-F5B11F1DD9A9} = {C352868C-E9F6-423E-BEC9-B1246DB846E7}
		{E420018D-112C-458C-9564-A8F627FAA05C} = {C352868C-E9F6-423E-BEC9-B1246DB846E7}
		{04DC1C05-32EB-47E3-B633-BF51AA98BC09} = {C352868C-E9F6-423E-BEC9-B1246DB846E7}
		{DF692663-5C6A-4E0D-9435-A374D16FE46B} = {C352868C-E9F6-423E-BEC9-B1246DB846E7}
		{9871BF21-29CF-4A90-BDCD-8381033505E3} = {D4A2EE43-17C7-4594-B11E-8FCC85FE1188}
		{41B1E413-B5BA-4ED3-B621-63A7C12A8B50} = {D4A2EE43-17C7-4594-B11E-8FCC85FE1188}
		{0CBCD576-782D-485D-8664-9A0472B09AFB} = {D4A2EE43-17C7-4594-B11E-8FCC85FE1188}
		{3FB86582-57D0-47CA-B6D1-8244A9E5367F} = {D4A2EE43-17C7-4594-B11E-8FCC85FE1188}
		{1FBF64ED-327C-4776-AEF9-95D8EA89BB82} = {D4A2EE43-17C7-4594-B11E-8FCC85FE1188}
		{75A4752E-677A-4AEE-BC74-EC1D2B62DD33} = {D4A2EE43-17C7-4594-B11E-8FCC85FE1188}
		{8FDBB176-04C1-4188-9454-6986BC171EBA} = {D4A2EE43-17C7-4594-B11E-8FCC85FE1188}
		{7CE47FB8-7C09-4556-B72C-5499237ED57B} = {D4A2EE43-17C7-4594-B11E-8FCC85FE1188}
		{AAB340C6-4915-4332-90D7-17BD9BC2E627} = {D4A2EE43-17C7-4594-B11E-8FCC85FE1188}
		{A03C79E0-8050-4A9F-B61C-D7300A679950} = {D4A2EE43-17C7-4594-B11E-8FCC85FE1188}
	EndGlobalSection
	GlobalSection(ProjectConfigurationPlatforms) = postSolution
		{AAA0E9A2-D511-4DFB-9412-4EB13AA0D84C}.Debug|Any CPU.ActiveCfg = Debug|Any CPU
		{AAA0E9A2-D511-4DFB-9412-4EB13AA0D84C}.Debug|Any CPU.Build.0 = Debug|Any CPU
		{AAA0E9A2-D511-4DFB-9412-4EB13AA0D84C}.Release|Any CPU.ActiveCfg = Release|Any CPU
		{AAA0E9A2-D511-4DFB-9412-4EB13AA0D84C}.Release|Any CPU.Build.0 = Release|Any CPU
		{85A27197-9413-439A-8BA5-FBF4E6C510AE}.Debug|Any CPU.ActiveCfg = Debug|Any CPU
		{85A27197-9413-439A-8BA5-FBF4E6C510AE}.Debug|Any CPU.Build.0 = Debug|Any CPU
		{85A27197-9413-439A-8BA5-FBF4E6C510AE}.Release|Any CPU.ActiveCfg = Release|Any CPU
		{85A27197-9413-439A-8BA5-FBF4E6C510AE}.Release|Any CPU.Build.0 = Release|Any CPU
		{C30076F4-A9FD-4DE8-8324-264579E1A032}.Debug|Any CPU.ActiveCfg = Debug|Any CPU
		{C30076F4-A9FD-4DE8-8324-264579E1A032}.Debug|Any CPU.Build.0 = Debug|Any CPU
		{C30076F4-A9FD-4DE8-8324-264579E1A032}.Release|Any CPU.ActiveCfg = Release|Any CPU
		{C30076F4-A9FD-4DE8-8324-264579E1A032}.Release|Any CPU.Build.0 = Release|Any CPU
		{8087AF45-BC03-4021-B7D3-19105292E56C}.Debug|Any CPU.ActiveCfg = Debug|Any CPU
		{8087AF45-BC03-4021-B7D3-19105292E56C}.Debug|Any CPU.Build.0 = Debug|Any CPU
		{8087AF45-BC03-4021-B7D3-19105292E56C}.Release|Any CPU.ActiveCfg = Release|Any CPU
		{8087AF45-BC03-4021-B7D3-19105292E56C}.Release|Any CPU.Build.0 = Release|Any CPU
		{3BBDA2E8-3DAD-4953-B6FA-4ABA9EFD8A7E}.Debug|Any CPU.ActiveCfg = Debug|Any CPU
		{3BBDA2E8-3DAD-4953-B6FA-4ABA9EFD8A7E}.Debug|Any CPU.Build.0 = Debug|Any CPU
		{3BBDA2E8-3DAD-4953-B6FA-4ABA9EFD8A7E}.Release|Any CPU.ActiveCfg = Release|Any CPU
		{3BBDA2E8-3DAD-4953-B6FA-4ABA9EFD8A7E}.Release|Any CPU.Build.0 = Release|Any CPU
		{6251ECD2-BE36-4765-AFED-4EADB41C6208}.Debug|Any CPU.ActiveCfg = Debug|Any CPU
		{6251ECD2-BE36-4765-AFED-4EADB41C6208}.Debug|Any CPU.Build.0 = Debug|Any CPU
		{6251ECD2-BE36-4765-AFED-4EADB41C6208}.Release|Any CPU.ActiveCfg = Release|Any CPU
		{6251ECD2-BE36-4765-AFED-4EADB41C6208}.Release|Any CPU.Build.0 = Release|Any CPU
		{1F518F1C-F580-47F6-9002-A96C1FE95913}.Debug|Any CPU.ActiveCfg = Debug|Any CPU
		{1F518F1C-F580-47F6-9002-A96C1FE95913}.Debug|Any CPU.Build.0 = Debug|Any CPU
		{1F518F1C-F580-47F6-9002-A96C1FE95913}.Release|Any CPU.ActiveCfg = Release|Any CPU
		{1F518F1C-F580-47F6-9002-A96C1FE95913}.Release|Any CPU.Build.0 = Release|Any CPU
		{70F38D92-3795-4CD2-8AF7-F5B11F1DD9A9}.Debug|Any CPU.ActiveCfg = Debug|Any CPU
		{70F38D92-3795-4CD2-8AF7-F5B11F1DD9A9}.Debug|Any CPU.Build.0 = Debug|Any CPU
		{70F38D92-3795-4CD2-8AF7-F5B11F1DD9A9}.Release|Any CPU.ActiveCfg = Release|Any CPU
		{70F38D92-3795-4CD2-8AF7-F5B11F1DD9A9}.Release|Any CPU.Build.0 = Release|Any CPU
		{E420018D-112C-458C-9564-A8F627FAA05C}.Debug|Any CPU.ActiveCfg = Debug|Any CPU
		{E420018D-112C-458C-9564-A8F627FAA05C}.Debug|Any CPU.Build.0 = Debug|Any CPU
		{E420018D-112C-458C-9564-A8F627FAA05C}.Release|Any CPU.ActiveCfg = Release|Any CPU
		{E420018D-112C-458C-9564-A8F627FAA05C}.Release|Any CPU.Build.0 = Release|Any CPU
		{04DC1C05-32EB-47E3-B633-BF51AA98BC09}.Debug|Any CPU.ActiveCfg = Debug|Any CPU
		{04DC1C05-32EB-47E3-B633-BF51AA98BC09}.Debug|Any CPU.Build.0 = Debug|Any CPU
		{04DC1C05-32EB-47E3-B633-BF51AA98BC09}.Release|Any CPU.ActiveCfg = Release|Any CPU
		{04DC1C05-32EB-47E3-B633-BF51AA98BC09}.Release|Any CPU.Build.0 = Release|Any CPU
		{DF692663-5C6A-4E0D-9435-A374D16FE46B}.Debug|Any CPU.ActiveCfg = Debug|Any CPU
		{DF692663-5C6A-4E0D-9435-A374D16FE46B}.Debug|Any CPU.Build.0 = Debug|Any CPU
		{DF692663-5C6A-4E0D-9435-A374D16FE46B}.Release|Any CPU.ActiveCfg = Release|Any CPU
		{DF692663-5C6A-4E0D-9435-A374D16FE46B}.Release|Any CPU.Build.0 = Release|Any CPU
		{9871BF21-29CF-4A90-BDCD-8381033505E3}.Debug|Any CPU.ActiveCfg = Debug|Any CPU
		{9871BF21-29CF-4A90-BDCD-8381033505E3}.Debug|Any CPU.Build.0 = Debug|Any CPU
		{9871BF21-29CF-4A90-BDCD-8381033505E3}.Release|Any CPU.ActiveCfg = Release|Any CPU
		{9871BF21-29CF-4A90-BDCD-8381033505E3}.Release|Any CPU.Build.0 = Release|Any CPU
		{41B1E413-B5BA-4ED3-B621-63A7C12A8B50}.Debug|Any CPU.ActiveCfg = Debug|Any CPU
		{41B1E413-B5BA-4ED3-B621-63A7C12A8B50}.Debug|Any CPU.Build.0 = Debug|Any CPU
		{41B1E413-B5BA-4ED3-B621-63A7C12A8B50}.Release|Any CPU.ActiveCfg = Release|Any CPU
		{41B1E413-B5BA-4ED3-B621-63A7C12A8B50}.Release|Any CPU.Build.0 = Release|Any CPU
		{0CBCD576-782D-485D-8664-9A0472B09AFB}.Debug|Any CPU.ActiveCfg = Debug|Any CPU
		{0CBCD576-782D-485D-8664-9A0472B09AFB}.Debug|Any CPU.Build.0 = Debug|Any CPU
		{0CBCD576-782D-485D-8664-9A0472B09AFB}.Release|Any CPU.ActiveCfg = Release|Any CPU
		{0CBCD576-782D-485D-8664-9A0472B09AFB}.Release|Any CPU.Build.0 = Release|Any CPU
		{3FB86582-57D0-47CA-B6D1-8244A9E5367F}.Debug|Any CPU.ActiveCfg = Debug|Any CPU
		{3FB86582-57D0-47CA-B6D1-8244A9E5367F}.Debug|Any CPU.Build.0 = Debug|Any CPU
		{3FB86582-57D0-47CA-B6D1-8244A9E5367F}.Release|Any CPU.ActiveCfg = Release|Any CPU
		{3FB86582-57D0-47CA-B6D1-8244A9E5367F}.Release|Any CPU.Build.0 = Release|Any CPU
		{1FBF64ED-327C-4776-AEF9-95D8EA89BB82}.Debug|Any CPU.ActiveCfg = Debug|Any CPU
		{1FBF64ED-327C-4776-AEF9-95D8EA89BB82}.Debug|Any CPU.Build.0 = Debug|Any CPU
		{1FBF64ED-327C-4776-AEF9-95D8EA89BB82}.Release|Any CPU.ActiveCfg = Release|Any CPU
		{1FBF64ED-327C-4776-AEF9-95D8EA89BB82}.Release|Any CPU.Build.0 = Release|Any CPU
		{75A4752E-677A-4AEE-BC74-EC1D2B62DD33}.Debug|Any CPU.ActiveCfg = Debug|Any CPU
		{75A4752E-677A-4AEE-BC74-EC1D2B62DD33}.Debug|Any CPU.Build.0 = Debug|Any CPU
		{75A4752E-677A-4AEE-BC74-EC1D2B62DD33}.Release|Any CPU.ActiveCfg = Release|Any CPU
		{75A4752E-677A-4AEE-BC74-EC1D2B62DD33}.Release|Any CPU.Build.0 = Release|Any CPU
		{8FDBB176-04C1-4188-9454-6986BC171EBA}.Debug|Any CPU.ActiveCfg = Debug|Any CPU
		{8FDBB176-04C1-4188-9454-6986BC171EBA}.Debug|Any CPU.Build.0 = Debug|Any CPU
		{8FDBB176-04C1-4188-9454-6986BC171EBA}.Release|Any CPU.ActiveCfg = Release|Any CPU
		{8FDBB176-04C1-4188-9454-6986BC171EBA}.Release|Any CPU.Build.0 = Release|Any CPU
		{7CE47FB8-7C09-4556-B72C-5499237ED57B}.Debug|Any CPU.ActiveCfg = Debug|Any CPU
		{7CE47FB8-7C09-4556-B72C-5499237ED57B}.Debug|Any CPU.Build.0 = Debug|Any CPU
		{7CE47FB8-7C09-4556-B72C-5499237ED57B}.Release|Any CPU.ActiveCfg = Release|Any CPU
		{7CE47FB8-7C09-4556-B72C-5499237ED57B}.Release|Any CPU.Build.0 = Release|Any CPU
		{AAB340C6-4915-4332-90D7-17BD9BC2E627}.Debug|Any CPU.ActiveCfg = Debug|Any CPU
		{AAB340C6-4915-4332-90D7-17BD9BC2E627}.Debug|Any CPU.Build.0 = Debug|Any CPU
		{AAB340C6-4915-4332-90D7-17BD9BC2E627}.Release|Any CPU.ActiveCfg = Release|Any CPU
		{AAB340C6-4915-4332-90D7-17BD9BC2E627}.Release|Any CPU.Build.0 = Release|Any CPU
		{A03C79E0-8050-4A9F-B61C-D7300A679950}.Debug|Any CPU.ActiveCfg = Debug|Any CPU
		{A03C79E0-8050-4A9F-B61C-D7300A679950}.Debug|Any CPU.Build.0 = Debug|Any CPU
		{A03C79E0-8050-4A9F-B61C-D7300A679950}.Release|Any CPU.ActiveCfg = Release|Any CPU
		{A03C79E0-8050-4A9F-B61C-D7300A679950}.Release|Any CPU.Build.0 = Release|Any CPU
	EndGlobalSection
EndGlobal
